// !$*UTF8*$!
{
	archiveVersion = 1;
	classes = {
	};
	objectVersion = 50;
	objects = {

/* Begin PBXBuildFile section */
		18CA37DD235F1B9700891977 /* AppDelegate.swift in Sources */ = {isa = PBXBuildFile; fileRef = 18CA37DC235F1B9700891977 /* AppDelegate.swift */; };
		18CA37DF235F1B9700891977 /* SceneDelegate.swift in Sources */ = {isa = PBXBuildFile; fileRef = 18CA37DE235F1B9700891977 /* SceneDelegate.swift */; };
		18CA37E1235F1B9700891977 /* ContentView.swift in Sources */ = {isa = PBXBuildFile; fileRef = 18CA37E0235F1B9700891977 /* ContentView.swift */; };
		18CA37E3235F1B9800891977 /* Assets.xcassets in Resources */ = {isa = PBXBuildFile; fileRef = 18CA37E2235F1B9800891977 /* Assets.xcassets */; };
		18CA37E6235F1B9800891977 /* Preview Assets.xcassets in Resources */ = {isa = PBXBuildFile; fileRef = 18CA37E5235F1B9800891977 /* Preview Assets.xcassets */; };
		18CA37E9235F1B9800891977 /* LaunchScreen.storyboard in Resources */ = {isa = PBXBuildFile; fileRef = 18CA37E7235F1B9800891977 /* LaunchScreen.storyboard */; };
		18CA37F1235F1BA700891977 /* ArtWork.swift in Sources */ = {isa = PBXBuildFile; fileRef = 18CA37F0235F1BA700891977 /* ArtWork.swift */; };
		18CA37F3235F1C3400891977 /* MapView.swift in Sources */ = {isa = PBXBuildFile; fileRef = 18CA37F2235F1C3400891977 /* MapView.swift */; };
/* End PBXBuildFile section */

/* Begin PBXFileReference section */
		18CA37D9235F1B9700891977 /* CompositeViews.app */ = {isa = PBXFileReference; explicitFileType = wrapper.application; includeInIndex = 0; path = CompositeViews.app; sourceTree = BUILT_PRODUCTS_DIR; };
		18CA37DC235F1B9700891977 /* AppDelegate.swift */ = {isa = PBXFileReference; lastKnownFileType = sourcecode.swift; path = AppDelegate.swift; sourceTree = "<group>"; };
		18CA37DE235F1B9700891977 /* SceneDelegate.swift */ = {isa = PBXFileReference; lastKnownFileType = sourcecode.swift; path = SceneDelegate.swift; sourceTree = "<group>"; };
		18CA37E0235F1B9700891977 /* ContentView.swift */ = {isa = PBXFileReference; lastKnownFileType = sourcecode.swift; path = ContentView.swift; sourceTree = "<group>"; };
		18CA37E2235F1B9800891977 /* Assets.xcassets */ = {isa = PBXFileReference; lastKnownFileType = folder.assetcatalog; path = Assets.xcassets; sourceTree = "<group>"; };
		18CA37E5235F1B9800891977 /* Preview Assets.xcassets */ = {isa = PBXFileReference; lastKnownFileType = folder.assetcatalog; path = "Preview Assets.xcassets"; sourceTree = "<group>"; };
		18CA37E8235F1B9800891977 /* Base */ = {isa = PBXFileReference; lastKnownFileType = file.storyboard; name = Base; path = Base.lproj/LaunchScreen.storyboard; sourceTree = "<group>"; };
		18CA37EA235F1B9800891977 /* Info.plist */ = {isa = PBXFileReference; lastKnownFileType = text.plist.xml; path = Info.plist; sourceTree = "<group>"; };
		18CA37F0235F1BA700891977 /* ArtWork.swift */ = {isa = PBXFileReference; fileEncoding = 4; lastKnownFileType = sourcecode.swift; name = ArtWork.swift; path = ../../MapViewExample/MapViewExample/ArtWork.swift; sourceTree = "<group>"; };
		18CA37F2235F1C3400891977 /* MapView.swift */ = {isa = PBXFileReference; lastKnownFileType = sourcecode.swift; path = MapView.swift; sourceTree = "<group>"; };
/* End PBXFileReference section */

/* Begin PBXFrameworksBuildPhase section */
		18CA37D6235F1B9700891977 /* Frameworks */ = {
			isa = PBXFrameworksBuildPhase;
			buildActionMask = 2147483647;
			files = (
			);
			runOnlyForDeploymentPostprocessing = 0;
		};
/* End PBXFrameworksBuildPhase section */

/* Begin PBXGroup section */
		18CA37D0235F1B9700891977 = {
			isa = PBXGroup;
			children = (
				18CA37DB235F1B9700891977 /* CompositeViews */,
				18CA37DA235F1B9700891977 /* Products */,
			);
			sourceTree = "<group>";
		};
		18CA37DA235F1B9700891977 /* Products */ = {
			isa = PBXGroup;
			children = (
				18CA37D9235F1B9700891977 /* CompositeViews.app */,
			);
			name = Products;
			sourceTree = "<group>";
		};
		18CA37DB235F1B9700891977 /* CompositeViews */ = {
			isa = PBXGroup;
			children = (
				18CA37DC235F1B9700891977 /* AppDelegate.swift */,
				18CA37DE235F1B9700891977 /* SceneDelegate.swift */,
				18CA37E0235F1B9700891977 /* ContentView.swift */,
				18CA37F0235F1BA700891977 /* ArtWork.swift */,
				18CA37F2235F1C3400891977 /* MapView.swift */,
				18CA37E2235F1B9800891977 /* Assets.xcassets */,
				18CA37E7235F1B9800891977 /* LaunchScreen.storyboard */,
				18CA37EA235F1B9800891977 /* Info.plist */,
				18CA37E4235F1B9800891977 /* Preview Content */,
			);
			path = CompositeViews;
			sourceTree = "<group>";
		};
		18CA37E4235F1B9800891977 /* Preview Content */ = {
			isa = PBXGroup;
			children = (
				18CA37E5235F1B9800891977 /* Preview Assets.xcassets */,
			);
			path = "Preview Content";
			sourceTree = "<group>";
		};
/* End PBXGroup section */

/* Begin PBXNativeTarget section */
		18CA37D8235F1B9700891977 /* CompositeViews */ = {
			isa = PBXNativeTarget;
			buildConfigurationList = 18CA37ED235F1B9800891977 /* Build configuration list for PBXNativeTarget "CompositeViews" */;
			buildPhases = (
				18CA37D5235F1B9700891977 /* Sources */,
				18CA37D6235F1B9700891977 /* Frameworks */,
				18CA37D7235F1B9700891977 /* Resources */,
			);
			buildRules = (
			);
			dependencies = (
			);
			name = CompositeViews;
			productName = CompositeViews;
			productReference = 18CA37D9235F1B9700891977 /* CompositeViews.app */;
			productType = "com.apple.product-type.application";
		};
/* End PBXNativeTarget section */

/* Begin PBXProject section */
		18CA37D1235F1B9700891977 /* Project object */ = {
			isa = PBXProject;
			attributes = {
				LastSwiftUpdateCheck = 1110;
				LastUpgradeCheck = 1110;
				ORGANIZATIONNAME = "Konstant info Solutions Pvt. Ltd.";
				TargetAttributes = {
					18CA37D8235F1B9700891977 = {
						CreatedOnToolsVersion = 11.1;
					};
				};
			};
			buildConfigurationList = 18CA37D4235F1B9700891977 /* Build configuration list for PBXProject "CompositeViews" */;
			compatibilityVersion = "Xcode 9.3";
			developmentRegion = en;
			hasScannedForEncodings = 0;
			knownRegions = (
				en,
				Base,
			);
			mainGroup = 18CA37D0235F1B9700891977;
			productRefGroup = 18CA37DA235F1B9700891977 /* Products */;
			projectDirPath = "";
			projectRoot = "";
			targets = (
				18CA37D8235F1B9700891977 /* CompositeViews */,
			);
		};
/* End PBXProject section */

/* Begin PBXResourcesBuildPhase section */
		18CA37D7235F1B9700891977 /* Resources */ = {
			isa = PBXResourcesBuildPhase;
			buildActionMask = 2147483647;
			files = (
				18CA37E9235F1B9800891977 /* LaunchScreen.storyboard in Resources */,
				18CA37E6235F1B9800891977 /* Preview Assets.xcassets in Resources */,
				18CA37E3235F1B9800891977 /* Assets.xcassets in Resources */,
			);
			runOnlyForDeploymentPostprocessing = 0;
		};
/* End PBXResourcesBuildPhase section */

/* Begin PBXSourcesBuildPhase section */
		18CA37D5235F1B9700891977 /* Sources */ = {
			isa = PBXSourcesBuildPhase;
			buildActionMask = 2147483647;
			files = (
				18CA37DD235F1B9700891977 /* AppDelegate.swift in Sources */,
				18CA37DF235F1B9700891977 /* SceneDelegate.swift in Sources */,
				18CA37F3235F1C3400891977 /* MapView.swift in Sources */,
				18CA37F1235F1BA700891977 /* ArtWork.swift in Sources */,
				18CA37E1235F1B9700891977 /* ContentView.swift in Sources */,
			);
			runOnlyForDeploymentPostprocessing = 0;
		};
/* End PBXSourcesBuildPhase section */

/* Begin PBXVariantGroup section */
		18CA37E7235F1B9800891977 /* LaunchScreen.storyboard */ = {
			isa = PBXVariantGroup;
			children = (
				18CA37E8235F1B9800891977 /* Base */,
			);
			name = LaunchScreen.storyboard;
			sourceTree = "<group>";
		};
/* End PBXVariantGroup section */

/* Begin XCBuildConfiguration section */
		18CA37EB235F1B9800891977 /* Debug */ = {
			isa = XCBuildConfiguration;
			buildSettings = {
				ALWAYS_SEARCH_USER_PATHS = NO;
				CLANG_ANALYZER_NONNULL = YES;
				CLANG_ANALYZER_NUMBER_OBJECT_CONVERSION = YES_AGGRESSIVE;
				CLANG_CXX_LANGUAGE_STANDARD = "gnu++14";
				CLANG_CXX_LIBRARY = "libc++";
				CLANG_ENABLE_MODULES = YES;
				CLANG_ENABLE_OBJC_ARC = YES;
				CLANG_ENABLE_OBJC_WEAK = YES;
				CLANG_WARN_BLOCK_CAPTURE_AUTORELEASING = YES;
				CLANG_WARN_BOOL_CONVERSION = YES;
				CLANG_WARN_COMMA = YES;
				CLANG_WARN_CONSTANT_CONVERSION = YES;
				CLANG_WARN_DEPRECATED_OBJC_IMPLEMENTATIONS = YES;
				CLANG_WARN_DIRECT_OBJC_ISA_USAGE = YES_ERROR;
				CLANG_WARN_DOCUMENTATION_COMMENTS = YES;
				CLANG_WARN_EMPTY_BODY = YES;
				CLANG_WARN_ENUM_CONVERSION = YES;
				CLANG_WARN_INFINITE_RECURSION = YES;
				CLANG_WARN_INT_CONVERSION = YES;
				CLANG_WARN_NON_LITERAL_NULL_CONVERSION = YES;
				CLANG_WARN_OBJC_IMPLICIT_RETAIN_SELF = YES;
				CLANG_WARN_OBJC_LITERAL_CONVERSION = YES;
				CLANG_WARN_OBJC_ROOT_CLASS = YES_ERROR;
				CLANG_WARN_RANGE_LOOP_ANALYSIS = YES;
				CLANG_WARN_STRICT_PROTOTYPES = YES;
				CLANG_WARN_SUSPICIOUS_MOVE = YES;
				CLANG_WARN_UNGUARDED_AVAILABILITY = YES_AGGRESSIVE;
				CLANG_WARN_UNREACHABLE_CODE = YES;
				CLANG_WARN__DUPLICATE_METHOD_MATCH = YES;
				COPY_PHASE_STRIP = NO;
				DEBUG_INFORMATION_FORMAT = dwarf;
				ENABLE_STRICT_OBJC_MSGSEND = YES;
				ENABLE_TESTABILITY = YES;
				GCC_C_LANGUAGE_STANDARD = gnu11;
				GCC_DYNAMIC_NO_PIC = NO;
				GCC_NO_COMMON_BLOCKS = YES;
				GCC_OPTIMIZATION_LEVEL = 0;
				GCC_PREPROCESSOR_DEFINITIONS = (
					"DEBUG=1",
					"$(inherited)",
				);
				GCC_WARN_64_TO_32_BIT_CONVERSION = YES;
				GCC_WARN_ABOUT_RETURN_TYPE = YES_ERROR;
				GCC_WARN_UNDECLARED_SELECTOR = YES;
				GCC_WARN_UNINITIALIZED_AUTOS = YES_AGGRESSIVE;
				GCC_WARN_UNUSED_FUNCTION = YES;
				GCC_WARN_UNUSED_VARIABLE = YES;
				IPHONEOS_DEPLOYMENT_TARGET = 13.1;
				MTL_ENABLE_DEBUG_INFO = INCLUDE_SOURCE;
				MTL_FAST_MATH = YES;
				ONLY_ACTIVE_ARCH = YES;
				SDKROOT = iphoneos;
				SWIFT_ACTIVE_COMPILATION_CONDITIONS = DEBUG;
				SWIFT_OPTIMIZATION_LEVEL = "-Onone";
			};
			name = Debug;
		};
		18CA37EC235F1B9800891977 /* Release */ = {
			isa = XCBuildConfiguration;
			buildSettings = {
				ALWAYS_SEARCH_USER_PATHS = NO;
				CLANG_ANALYZER_NONNULL = YES;
				CLANG_ANALYZER_NUMBER_OBJECT_CONVERSION = YES_AGGRESSIVE;
				CLANG_CXX_LANGUAGE_STANDARD = "gnu++14";
				CLANG_CXX_LIBRARY = "libc++";
				CLANG_ENABLE_MODULES = YES;
				CLANG_ENABLE_OBJC_ARC = YES;
				CLANG_ENABLE_OBJC_WEAK = YES;
				CLANG_WARN_BLOCK_CAPTURE_AUTORELEASING = YES;
				CLANG_WARN_BOOL_CONVERSION = YES;
				CLANG_WARN_COMMA = YES;
				CLANG_WARN_CONSTANT_CONVERSION = YES;
				CLANG_WARN_DEPRECATED_OBJC_IMPLEMENTATIONS = YES;
				CLANG_WARN_DIRECT_OBJC_ISA_USAGE = YES_ERROR;
				CLANG_WARN_DOCUMENTATION_COMMENTS = YES;
				CLANG_WARN_EMPTY_BODY = YES;
				CLANG_WARN_ENUM_CONVERSION = YES;
				CLANG_WARN_INFINITE_RECURSION = YES;
				CLANG_WARN_INT_CONVERSION = YES;
				CLANG_WARN_NON_LITERAL_NULL_CONVERSION = YES;
				CLANG_WARN_OBJC_IMPLICIT_RETAIN_SELF = YES;
				CLANG_WARN_OBJC_LITERAL_CONVERSION = YES;
				CLANG_WARN_OBJC_ROOT_CLASS = YES_ERROR;
				CLANG_WARN_RANGE_LOOP_ANALYSIS = YES;
				CLANG_WARN_STRICT_PROTOTYPES = YES;
				CLANG_WARN_SUSPICIOUS_MOVE = YES;
				CLANG_WARN_UNGUARDED_AVAILABILITY = YES_AGGRESSIVE;
				CLANG_WARN_UNREACHABLE_CODE = YES;
				CLANG_WARN__DUPLICATE_METHOD_MATCH = YES;
				COPY_PHASE_STRIP = NO;
				DEBUG_INFORMATION_FORMAT = "dwarf-with-dsym";
				ENABLE_NS_ASSERTIONS = NO;
				ENABLE_STRICT_OBJC_MSGSEND = YES;
				GCC_C_LANGUAGE_STANDARD = gnu11;
				GCC_NO_COMMON_BLOCKS = YES;
				GCC_WARN_64_TO_32_BIT_CONVERSION = YES;
				GCC_WARN_ABOUT_RETURN_TYPE = YES_ERROR;
				GCC_WARN_UNDECLARED_SELECTOR = YES;
				GCC_WARN_UNINITIALIZED_AUTOS = YES_AGGRESSIVE;
				GCC_WARN_UNUSED_FUNCTION = YES;
				GCC_WARN_UNUSED_VARIABLE = YES;
				IPHONEOS_DEPLOYMENT_TARGET = 13.1;
				MTL_ENABLE_DEBUG_INFO = NO;
				MTL_FAST_MATH = YES;
				SDKROOT = iphoneos;
				SWIFT_COMPILATION_MODE = wholemodule;
				SWIFT_OPTIMIZATION_LEVEL = "-O";
				VALIDATE_PRODUCT = YES;
			};
			name = Release;
		};
		18CA37EE235F1B9800891977 /* Debug */ = {
			isa = XCBuildConfiguration;
			buildSettings = {
				ASSETCATALOG_COMPILER_APPICON_NAME = AppIcon;
				CODE_SIGN_STYLE = Automatic;
				DEVELOPMENT_ASSET_PATHS = "\"CompositeViews/Preview Content\"";
				ENABLE_PREVIEWS = YES;
				INFOPLIST_FILE = CompositeViews/Info.plist;
				LD_RUNPATH_SEARCH_PATHS = (
					"$(inherited)",
					"@executable_path/Frameworks",
				);
				PRODUCT_BUNDLE_IDENTIFIER = com.kipl.CompositeViews;
				PRODUCT_NAME = "$(TARGET_NAME)";
				SWIFT_VERSION = 5.0;
				TARGETED_DEVICE_FAMILY = "1,2";
			};
			name = Debug;
		};
		18CA37EF235F1B9800891977 /* Release */ = {
			isa = XCBuildConfiguration;
			buildSettings = {
				ASSETCATALOG_COMPILER_APPICON_NAME = AppIcon;
				CODE_SIGN_STYLE = Automatic;
				DEVELOPMENT_ASSET_PATHS = "\"CompositeViews/Preview Content\"";
				ENABLE_PREVIEWS = YES;
				INFOPLIST_FILE = CompositeViews/Info.plist;
				LD_RUNPATH_SEARCH_PATHS = (
					"$(inherited)",
					"@executable_path/Frameworks",
				);
				PRODUCT_BUNDLE_IDENTIFIER = com.kipl.CompositeViews;
				PRODUCT_NAME = "$(TARGET_NAME)";
				SWIFT_VERSION = 5.0;
				TARGETED_DEVICE_FAMILY = "1,2";
			};
			name = Release;
		};
/* End XCBuildConfiguration section */

/* Begin XCConfigurationList section */
		18CA37D4235F1B9700891977 /* Build configuration list for PBXProject "CompositeViews" */ = {
			isa = XCConfigurationList;
			buildConfigurations = (
				18CA37EB235F1B9800891977 /* Debug */,
				18CA37EC235F1B9800891977 /* Release */,
			);
			defaultConfigurationIsVisible = 0;
			defaultConfigurationName = Release;
		};
		18CA37ED235F1B9800891977 /* Build configuration list for PBXNativeTarget "CompositeViews" */ = {
			isa = XCConfigurationList;
			buildConfigurations = (
				18CA37EE235F1B9800891977 /* Debug */,
				18CA37EF235F1B9800891977 /* Release */,
			);
			defaultConfigurationIsVisible = 0;
			defaultConfigurationName = Release;
		};
/* End XCConfigurationList section */
	};
	rootObject = 18CA37D1235F1B9700891977 /* Project object */;
}
